github.com/bwmarrin/discordgo v0.27.1 h1:ib9AIc8dout98DjZrlDbanrFeDNsEKzlrKNOT2sCnA=
github.com/bwmarrin/discordgo v0.27.1/go.mod h1:NJZpH+1AfhIcyQsPeuBKsUtYrRnjkyu0kIVMCHkZtRY=
github.com/gen2brain/shm v0.0.0-20200228170931-49f9650110c5 h1:Y5Q2mEwfzjMt5+3u70Gtw93ZOu2UuPeeeTBDntF7FoY=
github.com/gen2brain/shm v0.0.0-20200228170931-49f9650110c5/go.mod h1:uF6rMu/1nvu+5DpiRLwusA6xB8zlkNoGzKn8lmYONUo=
github.com/gorilla/websocket v1.5.0 h1:PPwGk2jz7EePLmqUZrap2E1Qc6f8i5PI3EqZg1xXhMs=
github.com/gorilla/websocket v1.5.0/go.mod h1:YR8l580nyteQvAITg2hZ9XVh4b55+EU/adAjf1fMHhE=
github.com/jezek/xgb v1.1.0 h1:YgOnJag14XDxFRBvH8/sHU0zDlXRN7cJDjv/5qVDf4=
github.com/jezek/xgb v1.1.0/go.mod h1:3P4UH/k22rXyHIJD2w4h2XMqPX4Of/eySEZq9L6wqc4=
github.com/kbinani/screenshot v0.0.0-20230812033020-d06dca85aec7 h1:wWPjsrFv/jvzQpqfPQKFUWIEuLEuM8qKUjXXCNPJVQ=
github.com/kbinani/screenshot v0.0.0-20230812033020-d06dca85aec7/go.mod h1:2VPVQDR4wO7KXHwP+DAypEy67rXf+okUx2zjgpCxZw4=
github.com/lxn/win v0.0.0-20210218163916-a377121e959e h1:H+t6A/QJMbhCSEH5rAuRxh+CtW96g0Or0Fxa9IKr4uc=
github.com/lxn/win v0.0.0-20210218163916-a377121e959e/go.mod h1:KxxjdtRkfNoYDCUP5ryK7XJJNTnpC8atvtmTheChOtk=
golang.org/x/crypto v0.17.0 h1:r8bRNjWL3GshPW2gkOv/CLdc3BKQ9Z5DuX0La9E0d7s=
golang.org/x/crypto v0.17.0/go.mod h1:gCAAfMLgwOJRpqjZxvrYmym7zyan+AIUh42yQ5lrWg=
golang.org/x/net v0.10.0/go.mod h1:0qNGK6F8kojg2nk9dLbW75zqkPodpsCjZoowIYu7KNc=
golang.org/x/sys v0.15.0 h1:frVn1UZS6gNwFn9dzTKgPCa+3XffzcCMande4p007gg=
golang.org/x/sys v0.15.0/go.mod h1:/VUhepiaJMQUp4+oa/7Zr3d5NZ/F7+t0dxP5rvKSul0=
golang.org/x/term v0.12.0/go.mod h1:owVbMEjm3cBLCHdV5Mq1/heILnVqE3G1G3XKPjPAc8=
golang.org/x/text v0.13.0/go.mod h1:TvPlkZnh0DaqWazy7si+yRbtYWIAewM9w6sBqAn47/4=
golang.org/x/tools v0.0.0-20180917221912-90fa682c2a6e/go.mod h1:n7NCudcB/nEzxVGmLbDWY5pfWTLqBcC2KZ6jyYvM4mQ=
